
Microsoft Visual Studio Solution File, Format Version 12.00
# Visual Studio 15
VisualStudioVersion = 15.0.28010.2036
MinimumVisualStudioVersion = 10.0.40219.1
Project("{FAE04EC0-301F-11D3-BF4B-00C04F79EFBC}") = "QuanLyGiangDuong", "QuanLyGiangDuong\QuanLyGiangDuong.csproj", "{98E7DFA6-1CDC-4886-8C68-AECF9C64B3C1}"
EndProject
Global
	GlobalSection(SolutionConfigurationPlatforms) = preSolution
		Debug|Any CPU = Debug|Any CPU
		Release|Any CPU = Release|Any CPU
	EndGlobalSection
	GlobalSection(ProjectConfigurationPlatforms) = postSolution
		{98E7DFA6-1CDC-4886-8C68-AECF9C64B3C1}.Debug|Any CPU.ActiveCfg = Debug|Any CPU
		{98E7DFA6-1CDC-4886-8C68-AECF9C64B3C1}.Debug|Any CPU.Build.0 = Debug|Any CPU
		{98E7DFA6-1CDC-4886-8C68-AECF9C64B3C1}.Release|Any CPU.ActiveCfg = Release|Any CPU
		{98E7DFA6-1CDC-4886-8C68-AECF9C64B3C1}.Release|Any CPU.Build.0 = Release|Any CPU
	EndGlobalSection
	GlobalSection(SolutionProperties) = preSolution
		HideSolutionNode = FALSE
	EndGlobalSection
	GlobalSection(ExtensibilityGlobals) = postSolution
		SolutionGuid = {A57B3CD4-633E-4A77-83EB-271029B107ED}
	EndGlobalSection
EndGlobal
